
Microsoft Visual Studio Solution File, Format Version 12.00
# Visual Studio Version 17
VisualStudioVersion = 17.13.35806.99 d17.13
MinimumVisualStudioVersion = 10.0.40219.1
Project("{FAE04EC0-301F-11D3-BF4B-00C04F79EFBC}") = "CVhantering", "CVhantering.csproj", "{828128B2-693C-4C8E-A34F-A5B9336250E2}"
EndProject
Global
	GlobalSection(SolutionConfigurationPlatforms) = preSolution
		Debug|Any CPU = Debug|Any CPU
		Release|Any CPU = Release|Any CPU
	EndGlobalSection
	GlobalSection(ProjectConfigurationPlatforms) = postSolution
		{828128B2-693C-4C8E-A34F-A5B9336250E2}.Debug|Any CPU.ActiveCfg = Debug|Any CPU
		{828128B2-693C-4C8E-A34F-A5B9336250E2}.Debug|Any CPU.Build.0 = Debug|Any CPU
		{828128B2-693C-4C8E-A34F-A5B9336250E2}.Release|Any CPU.ActiveCfg = Release|Any CPU
		{828128B2-693C-4C8E-A34F-A5B9336250E2}.Release|Any CPU.Build.0 = Release|Any CPU
	EndGlobalSection
	GlobalSection(SolutionProperties) = preSolution
		HideSolutionNode = FALSE
	EndGlobalSection
	GlobalSection(ExtensibilityGlobals) = postSolution
		SolutionGuid = {2BEE038C-48F0-4C89-93AE-5F644E647E21}
	EndGlobalSection
EndGlobal
